
Microsoft Visual Studio Solution File, Format Version 12.00
# Visual Studio 15
VisualStudioVersion = 15.0.28307.168
MinimumVisualStudioVersion = 10.0.40219.1
Project("{FAE04EC0-301F-11D3-BF4B-00C04F79EFBC}") = "Warsztaty-2", "Warsztaty-2\Warsztaty-2.csproj", "{F881DEA1-C16E-43DD-B3E0-F3150B4A31BE}"
EndProject
Global
	GlobalSection(SolutionConfigurationPlatforms) = preSolution
		Debug|Any CPU = Debug|Any CPU
		Release|Any CPU = Release|Any CPU
	EndGlobalSection
	GlobalSection(ProjectConfigurationPlatforms) = postSolution
		{F881DEA1-C16E-43DD-B3E0-F3150B4A31BE}.Debug|Any CPU.ActiveCfg = Debug|Any CPU
		{F881DEA1-C16E-43DD-B3E0-F3150B4A31BE}.Debug|Any CPU.Build.0 = Debug|Any CPU
		{F881DEA1-C16E-43DD-B3E0-F3150B4A31BE}.Release|Any CPU.ActiveCfg = Release|Any CPU
		{F881DEA1-C16E-43DD-B3E0-F3150B4A31BE}.Release|Any CPU.Build.0 = Release|Any CPU
	EndGlobalSection
	GlobalSection(SolutionProperties) = preSolution
		HideSolutionNode = FALSE
	EndGlobalSection
	GlobalSection(ExtensibilityGlobals) = postSolution
		SolutionGuid = {4B04E543-A346-40FE-9537-1D38FCB0826D}
	EndGlobalSection
EndGlobal
